name: Unlock

concurrency: terraform-lock

on:
  workflow_dispatch:
    inputs:
      workspace:
        description: 'Name of the terraform workspace'
        type: string
        required: true
      lock_id:
        description: 'Lock ID to be unlocked'
        required: true

jobs:
  unlock:
    runs-on: ubuntu-latest
    steps:
      - uses: actions/checkout@v3

      - name: Unlock
        uses: dflook/terraform-unlock-state@v1
        with:
          workspace: ${{ inputs.workspace }}
          lock_id: ${{ inputs.lock_id }}
